
Microsoft Visual Studio Solution File, Format Version 12.00
# Visual Studio Version 16
VisualStudioVersion = 16.0.29215.179
MinimumVisualStudioVersion = 10.0.40219.1
Project("{FAE04EC0-301F-11D3-BF4B-00C04F79EFBC}") = "Odell_4", "Odell_4\Odell_4.csproj", "{1297DD23-977D-495F-98F2-216FDC6DE809}"
EndProject
Global
	GlobalSection(SolutionConfigurationPlatforms) = preSolution
		Debug|Any CPU = Debug|Any CPU
		Release|Any CPU = Release|Any CPU
	EndGlobalSection
	GlobalSection(ProjectConfigurationPlatforms) = postSolution
		{1297DD23-977D-495F-98F2-216FDC6DE809}.Debug|Any CPU.ActiveCfg = Debug|Any CPU
		{1297DD23-977D-495F-98F2-216FDC6DE809}.Debug|Any CPU.Build.0 = Debug|Any CPU
		{1297DD23-977D-495F-98F2-216FDC6DE809}.Release|Any CPU.ActiveCfg = Release|Any CPU
		{1297DD23-977D-495F-98F2-216FDC6DE809}.Release|Any CPU.Build.0 = Release|Any CPU
	EndGlobalSection
	GlobalSection(SolutionProperties) = preSolution
		HideSolutionNode = FALSE
	EndGlobalSection
	GlobalSection(ExtensibilityGlobals) = postSolution
		SolutionGuid = {36A87713-A0BF-4325-9F31-A643E506E91B}
	EndGlobalSection
EndGlobal
